# This file is automatically @generated by Poetry 1.8.0 and should not be changed by hand.

[[package]]
name = "pip"
version = "25.3"
description = "The PyPA recommended tool for installing Python packages."
optional = false
python-versions = ">=3.9"
files = [
    {file = "pip-25.3-py3-none-any.whl", hash = "sha256:9655943313a94722b7774661c21049070f6bbb0a1516bf02f7c8d5d9201514cd"},
    {file = "pip-25.3.tar.gz", hash = "sha256:8d0538dbbd7babbd207f261ed969c65de439f6bc9e5dbd3b3b9a77f25d95f343"},
]

[metadata]
lock-version = "2.0"
python-versions = "^3.10"
content-hash = "735272b0b8c7ab9f7fadba6ba6102d22cf0d05f9e9d31e01cb53ce78a5f83ef0"
